// !$*UTF8*$!
{
	archiveVersion = 1;
	classes = {
	};
	objectVersion = 46;
	objects = {

/* Begin PBXBuildFile section */
		2C821FD41E386B68006AD2B9 /* AppDelegate.swift in Sources */ = {isa = PBXBuildFile; fileRef = 2C821FD31E386B68006AD2B9 /* AppDelegate.swift */; };
		2C821FD91E386B68006AD2B9 /* Main.storyboard in Resources */ = {isa = PBXBuildFile; fileRef = 2C821FD71E386B68006AD2B9 /* Main.storyboard */; };
		2C821FDB1E386B68006AD2B9 /* Assets.xcassets in Resources */ = {isa = PBXBuildFile; fileRef = 2C821FDA1E386B68006AD2B9 /* Assets.xcassets */; };
		2C821FDE1E386B68006AD2B9 /* LaunchScreen.storyboard in Resources */ = {isa = PBXBuildFile; fileRef = 2C821FDC1E386B68006AD2B9 /* LaunchScreen.storyboard */; };
		2C821FE91E386B69006AD2B9 /* WorldTrotter_V2Tests.swift in Sources */ = {isa = PBXBuildFile; fileRef = 2C821FE81E386B69006AD2B9 /* WorldTrotter_V2Tests.swift */; };
		2C821FF41E386B69006AD2B9 /* WorldTrotter_V2UITests.swift in Sources */ = {isa = PBXBuildFile; fileRef = 2C821FF31E386B69006AD2B9 /* WorldTrotter_V2UITests.swift */; };
		2C8370F61E3AFAB900120B98 /* ConversionViewController.swift in Sources */ = {isa = PBXBuildFile; fileRef = 2C8370F51E3AFAB900120B98 /* ConversionViewController.swift */; };
		2CB919891E48E13500F74491 /* MapKit.framework in Frameworks */ = {isa = PBXBuildFile; fileRef = 2CB919881E48E13500F74491 /* MapKit.framework */; };
		2CB9198B1E4900EF00F74491 /* MapViewController.swift in Sources */ = {isa = PBXBuildFile; fileRef = 2CB9198A1E4900EF00F74491 /* MapViewController.swift */; };
/* End PBXBuildFile section */

/* Begin PBXContainerItemProxy section */
		2C821FE51E386B69006AD2B9 /* PBXContainerItemProxy */ = {
			isa = PBXContainerItemProxy;
			containerPortal = 2C821FC81E386B68006AD2B9 /* Project object */;
			proxyType = 1;
			remoteGlobalIDString = 2C821FCF1E386B68006AD2B9;
			remoteInfo = "WorldTrotter-V2";
		};
		2C821FF01E386B69006AD2B9 /* PBXContainerItemProxy */ = {
			isa = PBXContainerItemProxy;
			containerPortal = 2C821FC81E386B68006AD2B9 /* Project object */;
			proxyType = 1;
			remoteGlobalIDString = 2C821FCF1E386B68006AD2B9;
			remoteInfo = "WorldTrotter-V2";
		};
/* End PBXContainerItemProxy section */

/* Begin PBXFileReference section */
		2C821FD01E386B68006AD2B9 /* WorldTrotter-V2.app */ = {isa = PBXFileReference; explicitFileType = wrapper.application; includeInIndex = 0; path = "WorldTrotter-V2.app"; sourceTree = BUILT_PRODUCTS_DIR; };
		2C821FD31E386B68006AD2B9 /* AppDelegate.swift */ = {isa = PBXFileReference; lastKnownFileType = sourcecode.swift; path = AppDelegate.swift; sourceTree = "<group>"; };
		2C821FD81E386B68006AD2B9 /* Base */ = {isa = PBXFileReference; lastKnownFileType = file.storyboard; name = Base; path = Base.lproj/Main.storyboard; sourceTree = "<group>"; };
		2C821FDA1E386B68006AD2B9 /* Assets.xcassets */ = {isa = PBXFileReference; lastKnownFileType = folder.assetcatalog; path = Assets.xcassets; sourceTree = "<group>"; };
		2C821FDD1E386B68006AD2B9 /* Base */ = {isa = PBXFileReference; lastKnownFileType = file.storyboard; name = Base; path = Base.lproj/LaunchScreen.storyboard; sourceTree = "<group>"; };
		2C821FDF1E386B68006AD2B9 /* Info.plist */ = {isa = PBXFileReference; lastKnownFileType = text.plist.xml; path = Info.plist; sourceTree = "<group>"; };
		2C821FE41E386B69006AD2B9 /* WorldTrotter-V2Tests.xctest */ = {isa = PBXFileReference; explicitFileType = wrapper.cfbundle; includeInIndex = 0; path = "WorldTrotter-V2Tests.xctest"; sourceTree = BUILT_PRODUCTS_DIR; };
		2C821FE81E386B69006AD2B9 /* WorldTrotter_V2Tests.swift */ = {isa = PBXFileReference; lastKnownFileType = sourcecode.swift; path = WorldTrotter_V2Tests.swift; sourceTree = "<group>"; };
		2C821FEA1E386B69006AD2B9 /* Info.plist */ = {isa = PBXFileReference; lastKnownFileType = text.plist.xml; path = Info.plist; sourceTree = "<group>"; };
		2C821FEF1E386B69006AD2B9 /* WorldTrotter-V2UITests.xctest */ = {isa = PBXFileReference; explicitFileType = wrapper.cfbundle; includeInIndex = 0; path = "WorldTrotter-V2UITests.xctest"; sourceTree = BUILT_PRODUCTS_DIR; };
		2C821FF31E386B69006AD2B9 /* WorldTrotter_V2UITests.swift */ = {isa = PBXFileReference; lastKnownFileType = sourcecode.swift; path = WorldTrotter_V2UITests.swift; sourceTree = "<group>"; };
		2C821FF51E386B69006AD2B9 /* Info.plist */ = {isa = PBXFileReference; lastKnownFileType = text.plist.xml; path = Info.plist; sourceTree = "<group>"; };
		2C8370F51E3AFAB900120B98 /* ConversionViewController.swift */ = {isa = PBXFileReference; fileEncoding = 4; lastKnownFileType = sourcecode.swift; name = ConversionViewController.swift; path = ../ConversionViewController.swift; sourceTree = "<group>"; };
		2CB919881E48E13500F74491 /* MapKit.framework */ = {isa = PBXFileReference; lastKnownFileType = wrapper.framework; name = MapKit.framework; path = System/Library/Frameworks/MapKit.framework; sourceTree = SDKROOT; };
		2CB9198A1E4900EF00F74491 /* MapViewController.swift */ = {isa = PBXFileReference; fileEncoding = 4; lastKnownFileType = sourcecode.swift; path = MapViewController.swift; sourceTree = "<group>"; };
/* End PBXFileReference section */

/* Begin PBXFrameworksBuildPhase section */
		2C821FCD1E386B68006AD2B9 /* Frameworks */ = {
			isa = PBXFrameworksBuildPhase;
			buildActionMask = 2147483647;
			files = (
				2CB919891E48E13500F74491 /* MapKit.framework in Frameworks */,
			);
			runOnlyForDeploymentPostprocessing = 0;
		};
		2C821FE11E386B69006AD2B9 /* Frameworks */ = {
			isa = PBXFrameworksBuildPhase;
			buildActionMask = 2147483647;
			files = (
			);
			runOnlyForDeploymentPostprocessing = 0;
		};
		2C821FEC1E386B69006AD2B9 /* Frameworks */ = {
			isa = PBXFrameworksBuildPhase;
			buildActionMask = 2147483647;
			files = (
			);
			runOnlyForDeploymentPostprocessing = 0;
		};
/* End PBXFrameworksBuildPhase section */

/* Begin PBXGroup section */
		2C821FC71E386B68006AD2B9 = {
			isa = PBXGroup;
			children = (
				2C821FD21E386B68006AD2B9 /* WorldTrotter-V2 */,
				2C821FE71E386B69006AD2B9 /* WorldTrotter-V2Tests */,
				2C821FF21E386B69006AD2B9 /* WorldTrotter-V2UITests */,
				2C821FD11E386B68006AD2B9 /* Products */,
				2CB919871E48E13400F74491 /* Frameworks */,
			);
			sourceTree = "<group>";
		};
		2C821FD11E386B68006AD2B9 /* Products */ = {
			isa = PBXGroup;
			children = (
				2C821FD01E386B68006AD2B9 /* WorldTrotter-V2.app */,
				2C821FE41E386B69006AD2B9 /* WorldTrotter-V2Tests.xctest */,
				2C821FEF1E386B69006AD2B9 /* WorldTrotter-V2UITests.xctest */,
			);
			name = Products;
			sourceTree = "<group>";
		};
		2C821FD21E386B68006AD2B9 /* WorldTrotter-V2 */ = {
			isa = PBXGroup;
			children = (
				2C8370F51E3AFAB900120B98 /* ConversionViewController.swift */,
				2C821FD31E386B68006AD2B9 /* AppDelegate.swift */,
				2C821FD71E386B68006AD2B9 /* Main.storyboard */,
				2CB9198A1E4900EF00F74491 /* MapViewController.swift */,
				2C821FDA1E386B68006AD2B9 /* Assets.xcassets */,
				2C821FDC1E386B68006AD2B9 /* LaunchScreen.storyboard */,
				2C821FDF1E386B68006AD2B9 /* Info.plist */,
			);
			path = "WorldTrotter-V2";
			sourceTree = "<group>";
		};
		2C821FE71E386B69006AD2B9 /* WorldTrotter-V2Tests */ = {
			isa = PBXGroup;
			children = (
				2C821FE81E386B69006AD2B9 /* WorldTrotter_V2Tests.swift */,
				2C821FEA1E386B69006AD2B9 /* Info.plist */,
			);
			path = "WorldTrotter-V2Tests";
			sourceTree = "<group>";
		};
		2C821FF21E386B69006AD2B9 /* WorldTrotter-V2UITests */ = {
			isa = PBXGroup;
			children = (
				2C821FF31E386B69006AD2B9 /* WorldTrotter_V2UITests.swift */,
				2C821FF51E386B69006AD2B9 /* Info.plist */,
			);
			path = "WorldTrotter-V2UITests";
			sourceTree = "<group>";
		};
		2CB919871E48E13400F74491 /* Frameworks */ = {
			isa = PBXGroup;
			children = (
				2CB919881E48E13500F74491 /* MapKit.framework */,
			);
			name = Frameworks;
			sourceTree = "<group>";
		};
/* End PBXGroup section */

/* Begin PBXNativeTarget section */
		2C821FCF1E386B68006AD2B9 /* WorldTrotter-V2 */ = {
			isa = PBXNativeTarget;
			buildConfigurationList = 2C821FF81E386B69006AD2B9 /* Build configuration list for PBXNativeTarget "WorldTrotter-V2" */;
			buildPhases = (
				2C821FCC1E386B68006AD2B9 /* Sources */,
				2C821FCD1E386B68006AD2B9 /* Frameworks */,
				2C821FCE1E386B68006AD2B9 /* Resources */,
			);
			buildRules = (
			);
			dependencies = (
			);
			name = "WorldTrotter-V2";
			productName = "WorldTrotter-V2";
			productReference = 2C821FD01E386B68006AD2B9 /* WorldTrotter-V2.app */;
			productType = "com.apple.product-type.application";
		};
		2C821FE31E386B69006AD2B9 /* WorldTrotter-V2Tests */ = {
			isa = PBXNativeTarget;
			buildConfigurationList = 2C821FFB1E386B69006AD2B9 /* Build configuration list for PBXNativeTarget "WorldTrotter-V2Tests" */;
			buildPhases = (
				2C821FE01E386B69006AD2B9 /* Sources */,
				2C821FE11E386B69006AD2B9 /* Frameworks */,
				2C821FE21E386B69006AD2B9 /* Resources */,
			);
			buildRules = (
			);
			dependencies = (
				2C821FE61E386B69006AD2B9 /* PBXTargetDependency */,
			);
			name = "WorldTrotter-V2Tests";
			productName = "WorldTrotter-V2Tests";
			productReference = 2C821FE41E386B69006AD2B9 /* WorldTrotter-V2Tests.xctest */;
			productType = "com.apple.product-type.bundle.unit-test";
		};
		2C821FEE1E386B69006AD2B9 /* WorldTrotter-V2UITests */ = {
			isa = PBXNativeTarget;
			buildConfigurationList = 2C821FFE1E386B69006AD2B9 /* Build configuration list for PBXNativeTarget "WorldTrotter-V2UITests" */;
			buildPhases = (
				2C821FEB1E386B69006AD2B9 /* Sources */,
				2C821FEC1E386B69006AD2B9 /* Frameworks */,
				2C821FED1E386B69006AD2B9 /* Resources */,
			);
			buildRules = (
			);
			dependencies = (
				2C821FF11E386B69006AD2B9 /* PBXTargetDependency */,
			);
			name = "WorldTrotter-V2UITests";
			productName = "WorldTrotter-V2UITests";
			productReference = 2C821FEF1E386B69006AD2B9 /* WorldTrotter-V2UITests.xctest */;
			productType = "com.apple.product-type.bundle.ui-testing";
		};
/* End PBXNativeTarget section */

/* Begin PBXProject section */
		2C821FC81E386B68006AD2B9 /* Project object */ = {
			isa = PBXProject;
			attributes = {
				LastSwiftUpdateCheck = 0820;
				LastUpgradeCheck = 0820;
				ORGANIZATIONNAME = "Alexis Kirkman";
				TargetAttributes = {
					2C821FCF1E386B68006AD2B9 = {
						CreatedOnToolsVersion = 8.2.1;
						ProvisioningStyle = Automatic;
					};
					2C821FE31E386B69006AD2B9 = {
						CreatedOnToolsVersion = 8.2.1;
						ProvisioningStyle = Automatic;
						TestTargetID = 2C821FCF1E386B68006AD2B9;
					};
					2C821FEE1E386B69006AD2B9 = {
						CreatedOnToolsVersion = 8.2.1;
						ProvisioningStyle = Automatic;
						TestTargetID = 2C821FCF1E386B68006AD2B9;
					};
				};
			};
			buildConfigurationList = 2C821FCB1E386B68006AD2B9 /* Build configuration list for PBXProject "WorldTrotter-V2" */;
			compatibilityVersion = "Xcode 3.2";
			developmentRegion = English;
			hasScannedForEncodings = 0;
			knownRegions = (
				en,
				Base,
			);
			mainGroup = 2C821FC71E386B68006AD2B9;
			productRefGroup = 2C821FD11E386B68006AD2B9 /* Products */;
			projectDirPath = "";
			projectRoot = "";
			targets = (
				2C821FCF1E386B68006AD2B9 /* WorldTrotter-V2 */,
				2C821FE31E386B69006AD2B9 /* WorldTrotter-V2Tests */,
				2C821FEE1E386B69006AD2B9 /* WorldTrotter-V2UITests */,
			);
		};
/* End PBXProject section */

/* Begin PBXResourcesBuildPhase section */
		2C821FCE1E386B68006AD2B9 /* Resources */ = {
			isa = PBXResourcesBuildPhase;
			buildActionMask = 2147483647;
			files = (
				2C821FDE1E386B68006AD2B9 /* LaunchScreen.storyboard in Resources */,
				2C821FDB1E386B68006AD2B9 /* Assets.xcassets in Resources */,
				2C821FD91E386B68006AD2B9 /* Main.storyboard in Resources */,
			);
			runOnlyForDeploymentPostprocessing = 0;
		};
		2C821FE21E386B69006AD2B9 /* Resources */ = {
			isa = PBXResourcesBuildPhase;
			buildActionMask = 2147483647;
			files = (
			);
			runOnlyForDeploymentPostprocessing = 0;
		};
		2C821FED1E386B69006AD2B9 /* Resources */ = {
			isa = PBXResourcesBuildPhase;
			buildActionMask = 2147483647;
			files = (
			);
			runOnlyForDeploymentPostprocessing = 0;
		};
/* End PBXResourcesBuildPhase section */

/* Begin PBXSourcesBuildPhase section */
		2C821FCC1E386B68006AD2B9 /* Sources */ = {
			isa = PBXSourcesBuildPhase;
			buildActionMask = 2147483647;
			files = (
				2C8370F61E3AFAB900120B98 /* ConversionViewController.swift in Sources */,
				2CB9198B1E4900EF00F74491 /* MapViewController.swift in Sources */,
				2C821FD41E386B68006AD2B9 /* AppDelegate.swift in Sources */,
			);
			runOnlyForDeploymentPostprocessing = 0;
		};
		2C821FE01E386B69006AD2B9 /* Sources */ = {
			isa = PBXSourcesBuildPhase;
			buildActionMask = 2147483647;
			files = (
				2C821FE91E386B69006AD2B9 /* WorldTrotter_V2Tests.swift in Sources */,
			);
			runOnlyForDeploymentPostprocessing = 0;
		};
		2C821FEB1E386B69006AD2B9 /* Sources */ = {
			isa = PBXSourcesBuildPhase;
			buildActionMask = 2147483647;
			files = (
				2C821FF41E386B69006AD2B9 /* WorldTrotter_V2UITests.swift in Sources */,
			);
			runOnlyForDeploymentPostprocessing = 0;
		};
/* End PBXSourcesBuildPhase section */

/* Begin PBXTargetDependency section */
		2C821FE61E386B69006AD2B9 /* PBXTargetDependency */ = {
			isa = PBXTargetDependency;
			target = 2C821FCF1E386B68006AD2B9 /* WorldTrotter-V2 */;
			targetProxy = 2C821FE51E386B69006AD2B9 /* PBXContainerItemProxy */;
		};
		2C821FF11E386B69006AD2B9 /* PBXTargetDependency */ = {
			isa = PBXTargetDependency;
			target = 2C821FCF1E386B68006AD2B9 /* WorldTrotter-V2 */;
			targetProxy = 2C821FF01E386B69006AD2B9 /* PBXContainerItemProxy */;
		};
/* End PBXTargetDependency section */

/* Begin PBXVariantGroup section */
		2C821FD71E386B68006AD2B9 /* Main.storyboard */ = {
			isa = PBXVariantGroup;
			children = (
				2C821FD81E386B68006AD2B9 /* Base */,
			);
			name = Main.storyboard;
			sourceTree = "<group>";
		};
		2C821FDC1E386B68006AD2B9 /* LaunchScreen.storyboard */ = {
			isa = PBXVariantGroup;
			children = (
				2C821FDD1E386B68006AD2B9 /* Base */,
			);
			name = LaunchScreen.storyboard;
			sourceTree = "<group>";
		};
/* End PBXVariantGroup section */

/* Begin XCBuildConfiguration section */
		2C821FF61E386B69006AD2B9 /* Debug */ = {
			isa = XCBuildConfiguration;
			buildSettings = {
				ALWAYS_SEARCH_USER_PATHS = NO;
				CLANG_ANALYZER_NONNULL = YES;
				CLANG_CXX_LANGUAGE_STANDARD = "gnu++0x";
				CLANG_CXX_LIBRARY = "libc++";
				CLANG_ENABLE_MODULES = YES;
				CLANG_ENABLE_OBJC_ARC = YES;
				CLANG_WARN_BOOL_CONVERSION = YES;
				CLANG_WARN_CONSTANT_CONVERSION = YES;
				CLANG_WARN_DIRECT_OBJC_ISA_USAGE = YES_ERROR;
				CLANG_WARN_DOCUMENTATION_COMMENTS = YES;
				CLANG_WARN_EMPTY_BODY = YES;
				CLANG_WARN_ENUM_CONVERSION = YES;
				CLANG_WARN_INFINITE_RECURSION = YES;
				CLANG_WARN_INT_CONVERSION = YES;
				CLANG_WARN_OBJC_ROOT_CLASS = YES_ERROR;
				CLANG_WARN_SUSPICIOUS_MOVE = YES;
				CLANG_WARN_UNREACHABLE_CODE = YES;
				CLANG_WARN__DUPLICATE_METHOD_MATCH = YES;
				"CODE_SIGN_IDENTITY[sdk=iphoneos*]" = "iPhone Developer";
				COPY_PHASE_STRIP = NO;
				DEBUG_INFORMATION_FORMAT = dwarf;
				ENABLE_STRICT_OBJC_MSGSEND = YES;
				ENABLE_TESTABILITY = YES;
				GCC_C_LANGUAGE_STANDARD = gnu99;
				GCC_DYNAMIC_NO_PIC = NO;
				GCC_NO_COMMON_BLOCKS = YES;
				GCC_OPTIMIZATION_LEVEL = 0;
				GCC_PREPROCESSOR_DEFINITIONS = (
					"DEBUG=1",
					"$(inherited)",
				);
				GCC_WARN_64_TO_32_BIT_CONVERSION = YES;
				GCC_WARN_ABOUT_RETURN_TYPE = YES_ERROR;
				GCC_WARN_UNDECLARED_SELECTOR = YES;
				GCC_WARN_UNINITIALIZED_AUTOS = YES_AGGRESSIVE;
				GCC_WARN_UNUSED_FUNCTION = YES;
				GCC_WARN_UNUSED_VARIABLE = YES;
				IPHONEOS_DEPLOYMENT_TARGET = 10.2;
				MTL_ENABLE_DEBUG_INFO = YES;
				ONLY_ACTIVE_ARCH = YES;
				SDKROOT = iphoneos;
				SWIFT_ACTIVE_COMPILATION_CONDITIONS = DEBUG;
				SWIFT_OPTIMIZATION_LEVEL = "-Onone";
				TARGETED_DEVICE_FAMILY = "1,2";
			};
			name = Debug;
		};
		2C821FF71E386B69006AD2B9 /* Release */ = {
			isa = XCBuildConfiguration;
			buildSettings = {
				ALWAYS_SEARCH_USER_PATHS = NO;
				CLANG_ANALYZER_NONNULL = YES;
				CLANG_CXX_LANGUAGE_STANDARD = "gnu++0x";
				CLANG_CXX_LIBRARY = "libc++";
				CLANG_ENABLE_MODULES = YES;
				CLANG_ENABLE_OBJC_ARC = YES;
				CLANG_WARN_BOOL_CONVERSION = YES;
				CLANG_WARN_CONSTANT_CONVERSION = YES;
				CLANG_WARN_DIRECT_OBJC_ISA_USAGE = YES_ERROR;
				CLANG_WARN_DOCUMENTATION_COMMENTS = YES;
				CLANG_WARN_EMPTY_BODY = YES;
				CLANG_WARN_ENUM_CONVERSION = YES;
				CLANG_WARN_INFINITE_RECURSION = YES;
				CLANG_WARN_INT_CONVERSION = YES;
				CLANG_WARN_OBJC_ROOT_CLASS = YES_ERROR;
				CLANG_WARN_SUSPICIOUS_MOVE = YES;
				CLANG_WARN_UNREACHABLE_CODE = YES;
				CLANG_WARN__DUPLICATE_METHOD_MATCH = YES;
				"CODE_SIGN_IDENTITY[sdk=iphoneos*]" = "iPhone Developer";
				COPY_PHASE_STRIP = NO;
				DEBUG_INFORMATION_FORMAT = "dwarf-with-dsym";
				ENABLE_NS_ASSERTIONS = NO;
				ENABLE_STRICT_OBJC_MSGSEND = YES;
				GCC_C_LANGUAGE_STANDARD = gnu99;
				GCC_NO_COMMON_BLOCKS = YES;
				GCC_WARN_64_TO_32_BIT_CONVERSION = YES;
				GCC_WARN_ABOUT_RETURN_TYPE = YES_ERROR;
				GCC_WARN_UNDECLARED_SELECTOR = YES;
				GCC_WARN_UNINITIALIZED_AUTOS = YES_AGGRESSIVE;
				GCC_WARN_UNUSED_FUNCTION = YES;
				GCC_WARN_UNUSED_VARIABLE = YES;
				IPHONEOS_DEPLOYMENT_TARGET = 10.2;
				MTL_ENABLE_DEBUG_INFO = NO;
				SDKROOT = iphoneos;
				SWIFT_OPTIMIZATION_LEVEL = "-Owholemodule";
				TARGETED_DEVICE_FAMILY = "1,2";
				VALIDATE_PRODUCT = YES;
			};
			name = Release;
		};
		2C821FF91E386B69006AD2B9 /* Debug */ = {
			isa = XCBuildConfiguration;
			buildSettings = {
				ASSETCATALOG_COMPILER_APPICON_NAME = AppIcon;
				INFOPLIST_FILE = "WorldTrotter-V2/Info.plist";
				LD_RUNPATH_SEARCH_PATHS = "$(inherited) @executable_path/Frameworks";
				PRODUCT_BUNDLE_IDENTIFIER = "Akirkman.WorldTrotter-V2";
				PRODUCT_NAME = "$(TARGET_NAME)";
				SWIFT_VERSION = 3.0;
			};
			name = Debug;
		};
		2C821FFA1E386B69006AD2B9 /* Release */ = {
			isa = XCBuildConfiguration;
			buildSettings = {
				ASSETCATALOG_COMPILER_APPICON_NAME = AppIcon;
				INFOPLIST_FILE = "WorldTrotter-V2/Info.plist";
				LD_RUNPATH_SEARCH_PATHS = "$(inherited) @executable_path/Frameworks";
				PRODUCT_BUNDLE_IDENTIFIER = "Akirkman.WorldTrotter-V2";
				PRODUCT_NAME = "$(TARGET_NAME)";
				SWIFT_VERSION = 3.0;
			};
			name = Release;
		};
		2C821FFC1E386B69006AD2B9 /* Debug */ = {
			isa = XCBuildConfiguration;
			buildSettings = {
				ALWAYS_EMBED_SWIFT_STANDARD_LIBRARIES = YES;
				BUNDLE_LOADER = "$(TEST_HOST)";
				INFOPLIST_FILE = "WorldTrotter-V2Tests/Info.plist";
				LD_RUNPATH_SEARCH_PATHS = "$(inherited) @executable_path/Frameworks @loader_path/Frameworks";
				PRODUCT_BUNDLE_IDENTIFIER = "Akirkman.WorldTrotter-V2Tests";
				PRODUCT_NAME = "$(TARGET_NAME)";
				SWIFT_VERSION = 3.0;
				TEST_HOST = "$(BUILT_PRODUCTS_DIR)/WorldTrotter-V2.app/WorldTrotter-V2";
			};
			name = Debug;
		};
		2C821FFD1E386B69006AD2B9 /* Release */ = {
			isa = XCBuildConfiguration;
			buildSettings = {
				ALWAYS_EMBED_SWIFT_STANDARD_LIBRARIES = YES;
				BUNDLE_LOADER = "$(TEST_HOST)";
				INFOPLIST_FILE = "WorldTrotter-V2Tests/Info.plist";
				LD_RUNPATH_SEARCH_PATHS = "$(inherited) @executable_path/Frameworks @loader_path/Frameworks";
				PRODUCT_BUNDLE_IDENTIFIER = "Akirkman.WorldTrotter-V2Tests";
				PRODUCT_NAME = "$(TARGET_NAME)";
				SWIFT_VERSION = 3.0;
				TEST_HOST = "$(BUILT_PRODUCTS_DIR)/WorldTrotter-V2.app/WorldTrotter-V2";
			};
			name = Release;
		};
		2C821FFF1E386B69006AD2B9 /* Debug */ = {
			isa = XCBuildConfiguration;
			buildSettings = {
				ALWAYS_EMBED_SWIFT_STANDARD_LIBRARIES = YES;
				INFOPLIST_FILE = "WorldTrotter-V2UITests/Info.plist";
				LD_RUNPATH_SEARCH_PATHS = "$(inherited) @executable_path/Frameworks @loader_path/Frameworks";
				PRODUCT_BUNDLE_IDENTIFIER = "Akirkman.WorldTrotter-V2UITests";
				PRODUCT_NAME = "$(TARGET_NAME)";
				SWIFT_VERSION = 3.0;
				TEST_TARGET_NAME = "WorldTrotter-V2";
			};
			name = Debug;
		};
		2C8220001E386B69006AD2B9 /* Release */ = {
			isa = XCBuildConfiguration;
			buildSettings = {
				ALWAYS_EMBED_SWIFT_STANDARD_LIBRARIES = YES;
				INFOPLIST_FILE = "WorldTrotter-V2UITests/Info.plist";
				LD_RUNPATH_SEARCH_PATHS = "$(inherited) @executable_path/Frameworks @loader_path/Frameworks";
				PRODUCT_BUNDLE_IDENTIFIER = "Akirkman.WorldTrotter-V2UITests";
				PRODUCT_NAME = "$(TARGET_NAME)";
				SWIFT_VERSION = 3.0;
				TEST_TARGET_NAME = "WorldTrotter-V2";
			};
			name = Release;
		};
/* End XCBuildConfiguration section */

/* Begin XCConfigurationList section */
		2C821FCB1E386B68006AD2B9 /* Build configuration list for PBXProject "WorldTrotter-V2" */ = {
			isa = XCConfigurationList;
			buildConfigurations = (
				2C821FF61E386B69006AD2B9 /* Debug */,
				2C821FF71E386B69006AD2B9 /* Release */,
			);
			defaultConfigurationIsVisible = 0;
			defaultConfigurationName = Release;
		};
		2C821FF81E386B69006AD2B9 /* Build configuration list for PBXNativeTarget "WorldTrotter-V2" */ = {
			isa = XCConfigurationList;
			buildConfigurations = (
				2C821FF91E386B69006AD2B9 /* Debug */,
				2C821FFA1E386B69006AD2B9 /* Release */,
			);
			defaultConfigurationIsVisible = 0;
			defaultConfigurationName = Release;
		};
		2C821FFB1E386B69006AD2B9 /* Build configuration list for PBXNativeTarget "WorldTrotter-V2Tests" */ = {
			isa = XCConfigurationList;
			buildConfigurations = (
				2C821FFC1E386B69006AD2B9 /* Debug */,
				2C821FFD1E386B69006AD2B9 /* Release */,
			);
			defaultConfigurationIsVisible = 0;
			defaultConfigurationName = Release;
		};
		2C821FFE1E386B69006AD2B9 /* Build configuration list for PBXNativeTarget "WorldTrotter-V2UITests" */ = {
			isa = XCConfigurationList;
			buildConfigurations = (
				2C821FFF1E386B69006AD2B9 /* Debug */,
				2C8220001E386B69006AD2B9 /* Release */,
			);
			defaultConfigurationIsVisible = 0;
			defaultConfigurationName = Release;
		};
/* End XCConfigurationList section */
	};
	rootObject = 2C821FC81E386B68006AD2B9 /* Project object */;
}
